{
  "version": 4,
  "terraform_version": "1.14.5",
  "serial": 78,
  "lineage": "fd6c4c7e-c8df-7328-f0af-b83026c06df1",
  "outputs": {
    "vm_public_ip": {
      "value": "20.25.36.70",
      "type": "string"
    }
  },
  "resources": [
    {
      "mode": "data",
      "type": "azurerm_client_config",
      "name": "current",
      "provider": "provider[\"registry.terraform.io/hashicorp/azurerm\"]",
      "instances": [
        {
          "schema_version": 0,
          "attributes": {
            "client_id": "04b07795-8ddb-461a-bbee-02f9e1bf7b46",
            "id": "Y2xpZW50Q29uZmlncy9jbGllbnRJZD0wNGIwNzc5NS04ZGRiLTQ2MWEtYmJlZS0wMmY5ZTFiZjdiNDY7b2JqZWN0SWQ9N2YzYzE2N2QtN2QwMy00ZTc5LWJhMjUtZWQwZWE5MTI2NzViO3N1YnNjcmlwdGlvbklkPTNjMmRhYTU0LTUyY2MtNDUyZS1iNmU1LWQ0Y2YwMjE1NzVhMTt0ZW5hbnRJZD1iY2I0YmM0MS1lODU0LTRmMTAtYjkwNi1kMTY0M2Q0NWUzNDk=",
            "object_id": "7f3c167d-7d03-4e79-ba25-ed0ea912675b",
            "subscription_id": "3c2daa54-52cc-452e-b6e5-d4cf021575a1",
            "tenant_id": "bcb4bc41-e854-4f10-b906-d1643d45e349",
            "timeouts": null
          },
          "sensitive_attributes": [],
          "identity_schema_version": 0
        }
      ]
    },
    {
      "mode": "managed",
      "type": "azurerm_linux_virtual_machine",
      "name": "vm",
      "provider": "provider[\"registry.terraform.io/hashicorp/azurerm\"]",
      "instances": [
        {
          "schema_version": 0,
          "attributes": {
            "additional_capabilities": [],
            "admin_password": null,
            "admin_ssh_key": [
              {
                "public_key": "ssh-rsa AAAAB3NzaC1yc2EAAAADAQABAAACAQDbCw6alBImxNqT31Tm3skw3U1eF2mE6bLgdpzn62LvDnEE3rQhspKTx47D1ekBnffgsNpKIhNd5P9mfDpLsKM88hMyXjzX/AKGIuncpGFX7W+rbojp0qClZx2iaKkcHLXktGR5dWqIe8Jdy9/NKQXRqqtBhomQu4zMl4LQ4pKJePbvEtMPNH9i4Cw+rCmfr/Lz53FY7B5+nzsyfjeFR7JdexMHUcDVurz/vBJQkrPN95aoqTAKSML2mBU8iuvbGVuBoWNS6tvci2wqfNH9UPjKGUwf0iaKcyTqfnsIafgfbJjucfFbxXba3/l93Zol5iAjZL483ZSu6bxfdOi0xSEOkYjiQJS2K9lq6gvvJyl72LXlp87jg72DD0uE7tBsVofkygMQLUwrcEzmDOrwo/k0yBirFq1fTn/MwS+qRCq3heUvp/6B7hx88CIJy/7Hpk/oZDvRyveUTlMA6l2lSHvDqPFv5iU+EuqEmym6IxBbx185yAMDRAqATGqDIXwSjnM1C+lIEITTQvUp3ZbFH7gJqWM+daL5TpSBU3cyKj7eGRdwJsPgz5lDNQWW74Zp+vXdyDEGM+siNHhGhVTCNhQ4wx4SYJP7oQT6PAarLnEKde4KgmTF7pzzJq+iiMtFrJno7NCjv+TYZfDWb4aNJoTJncpulZNvAUwBQcAWImuhIw== didierymartinez@MacBook-Pro-de-Didier.local",
                "username": "azureuser"
              }
            ],
            "admin_username": "azureuser",
            "allow_extension_operations": true,
            "availability_set_id": "",
            "boot_diagnostics": [],
            "bypass_platform_safety_checks_on_user_schedule_enabled": false,
            "capacity_reservation_group_id": "",
            "computer_name": "vm-cosmos-dev-eus-001",
            "custom_data": "I2Nsb3VkLWNvbmZpZwpwYWNrYWdlX3VwZGF0ZTogdHJ1ZQpwYWNrYWdlczoKICAtIGRvY2tlci5pbwpydW5jbWQ6CiAgLSBzeXN0ZW1jdGwgZW5hYmxlIC0tbm93IGRvY2tlcgogIC0gdXNlcm1vZCAtYUcgZG9ja2VyIGF6dXJldXNlcgogICMgSW5pY2lhbGl6YSBlbCBjbMO6c3RlciAoU2luZ2xlLW5vZGUgU3dhcm0pCiAgLSBkb2NrZXIgc3dhcm0gaW5pdCAtLWFkdmVydGlzZS1hZGRyICQoaG9zdG5hbWUgLUkgfCBhd2sgJ3twcmludCAkMX0nKQogICMgQ3JlYSBsYXMgcmVkZXMgdmlydHVhbGVzIGludGVybmFzIGRlIENvc21vcwogIC0gZG9ja2VyIG5ldHdvcmsgY3JlYXRlIC0tZHJpdmVyIG92ZXJsYXkgLS1hdHRhY2hhYmxlIG94cC1wdWJsaWMKICAtIGRvY2tlciBuZXR3b3JrIGNyZWF0ZSAtLWRyaXZlciBvdmVybGF5IC0tYXR0YWNoYWJsZSBveHAtaW50ZXJuYWwK",
            "dedicated_host_group_id": "",
            "dedicated_host_id": "",
            "disable_password_authentication": true,
            "disk_controller_type": "",
            "edge_zone": "",
            "encryption_at_host_enabled": false,
            "eviction_policy": "",
            "extensions_time_budget": "PT1H30M",
            "gallery_application": [],
            "id": "/subscriptions/3c2daa54-52cc-452e-b6e5-d4cf021575a1/resourceGroups/rg-cosmos-dev-eus-001/providers/Microsoft.Compute/virtualMachines/vm-cosmos-dev-eus-001",
            "identity": [],
            "license_type": "",
            "location": "eastus",
            "max_bid_price": -1,
            "name": "vm-cosmos-dev-eus-001",
            "network_interface_ids": [
              "/subscriptions/3c2daa54-52cc-452e-b6e5-d4cf021575a1/resourceGroups/rg-cosmos-dev-eus-001/providers/Microsoft.Network/networkInterfaces/nic-cosmos-dev-eus-001"
            ],
            "os_disk": [
              {
                "caching": "ReadWrite",
                "diff_disk_settings": [],
                "disk_encryption_set_id": "",
                "disk_size_gb": 30,
                "name": "vm-cosmos-dev-eus-001_disk1_061cf1ab3f2645e8b2ad4d94336bab32",
                "secure_vm_disk_encryption_set_id": "",
                "security_encryption_type": "",
                "storage_account_type": "Standard_LRS",
                "write_accelerator_enabled": false
              }
            ],
            "os_image_notification": [],
            "patch_assessment_mode": "ImageDefault",
            "patch_mode": "ImageDefault",
            "plan": [],
            "platform_fault_domain": -1,
            "priority": "Regular",
            "private_ip_address": "10.40.1.4",
            "private_ip_addresses": [
              "10.40.1.4"
            ],
            "provision_vm_agent": true,
            "proximity_placement_group_id": "",
            "public_ip_address": "20.25.36.70",
            "public_ip_addresses": [
              "20.25.36.70"
            ],
            "reboot_setting": "",
            "resource_group_name": "rg-cosmos-dev-eus-001",
            "secret": [],
            "secure_boot_enabled": false,
            "size": "Standard_D2s_v3",
            "source_image_id": "",
            "source_image_reference": [
              {
                "offer": "0001-com-ubuntu-server-jammy",
                "publisher": "Canonical",
                "sku": "22_04-lts",
                "version": "latest"
              }
            ],
            "tags": null,
            "termination_notification": null,
            "timeouts": null,
            "user_data": "",
            "virtual_machine_id": "602ddf06-4ea9-4d71-834c-cc1bb78ff2f6",
            "virtual_machine_scale_set_id": "",
            "vm_agent_platform_updates_enabled": false,
            "vtpm_enabled": false,
            "zone": ""
          },
          "sensitive_attributes": [
            [
              {
                "type": "get_attr",
                "value": "admin_password"
              }
            ],
            [
              {
                "type": "get_attr",
                "value": "custom_data"
              }
            ]
          ],
          "identity_schema_version": 0,
          "private": "eyJlMmJmYjczMC1lY2FhLTExZTYtOGY4OC0zNDM2M2JjN2M0YzAiOnsiY3JlYXRlIjoyNzAwMDAwMDAwMDAwLCJkZWxldGUiOjI3MDAwMDAwMDAwMDAsInJlYWQiOjMwMDAwMDAwMDAwMCwidXBkYXRlIjoyNzAwMDAwMDAwMDAwfX0=",
          "dependencies": [
            "azurerm_network_interface.vm_nic",
            "azurerm_public_ip.vm_pip",
            "azurerm_resource_group.rg",
            "azurerm_subnet.vm_subnet",
            "azurerm_virtual_network.vnet"
          ]
        }
      ]
    },
    {
      "mode": "managed",
      "type": "azurerm_network_interface",
      "name": "vm_nic",
      "provider": "provider[\"registry.terraform.io/hashicorp/azurerm\"]",
      "instances": [
        {
          "schema_version": 0,
          "attributes": {
            "accelerated_networking_enabled": false,
            "applied_dns_servers": [],
            "auxiliary_mode": "",
            "auxiliary_sku": "",
            "dns_servers": [],
            "edge_zone": "",
            "enable_accelerated_networking": false,
            "enable_ip_forwarding": false,
            "id": "/subscriptions/3c2daa54-52cc-452e-b6e5-d4cf021575a1/resourceGroups/rg-cosmos-dev-eus-001/providers/Microsoft.Network/networkInterfaces/nic-cosmos-dev-eus-001",
            "internal_dns_name_label": "",
            "internal_domain_name_suffix": "a5gzw4weztkefk5dicfybh3tzb.bx.internal.cloudapp.net",
            "ip_configuration": [
              {
                "gateway_load_balancer_frontend_ip_configuration_id": "",
                "name": "internal",
                "primary": true,
                "private_ip_address": "10.40.1.4",
                "private_ip_address_allocation": "Dynamic",
                "private_ip_address_version": "IPv4",
                "public_ip_address_id": "/subscriptions/3c2daa54-52cc-452e-b6e5-d4cf021575a1/resourceGroups/rg-cosmos-dev-eus-001/providers/Microsoft.Network/publicIPAddresses/pip-cosmos-dev-eus-001",
                "subnet_id": "/subscriptions/3c2daa54-52cc-452e-b6e5-d4cf021575a1/resourceGroups/rg-cosmos-dev-eus-001/providers/Microsoft.Network/virtualNetworks/vnet-cosmos-dev-eus-001/subnets/snet-vms"
              }
            ],
            "ip_forwarding_enabled": false,
            "location": "eastus",
            "mac_address": "",
            "name": "nic-cosmos-dev-eus-001",
            "private_ip_address": "10.40.1.4",
            "private_ip_addresses": [
              "10.40.1.4"
            ],
            "resource_group_name": "rg-cosmos-dev-eus-001",
            "tags": null,
            "timeouts": null,
            "virtual_machine_id": ""
          },
          "sensitive_attributes": [],
          "identity_schema_version": 0,
          "private": "eyJlMmJmYjczMC1lY2FhLTExZTYtOGY4OC0zNDM2M2JjN2M0YzAiOnsiY3JlYXRlIjoxODAwMDAwMDAwMDAwLCJkZWxldGUiOjE4MDAwMDAwMDAwMDAsInJlYWQiOjMwMDAwMDAwMDAwMCwidXBkYXRlIjoxODAwMDAwMDAwMDAwfX0=",
          "dependencies": [
            "azurerm_public_ip.vm_pip",
            "azurerm_resource_group.rg",
            "azurerm_subnet.vm_subnet",
            "azurerm_virtual_network.vnet"
          ]
        }
      ]
    },
    {
      "mode": "managed",
      "type": "azurerm_network_security_group",
      "name": "vm_nsg",
      "provider": "provider[\"registry.terraform.io/hashicorp/azurerm\"]",
      "instances": [
        {
          "schema_version": 0,
          "attributes": {
            "id": "/subscriptions/3c2daa54-52cc-452e-b6e5-d4cf021575a1/resourceGroups/rg-cosmos-dev-eus-001/providers/Microsoft.Network/networkSecurityGroups/nsg-cosmos-dev-eus-001",
            "location": "eastus",
            "name": "nsg-cosmos-dev-eus-001",
            "resource_group_name": "rg-cosmos-dev-eus-001",
            "security_rule": [
              {
                "access": "Allow",
                "description": "",
                "destination_address_prefix": "*",
                "destination_address_prefixes": [],
                "destination_application_security_group_ids": [],
                "destination_port_range": "22",
                "destination_port_ranges": [],
                "direction": "Inbound",
                "name": "AllowSSH",
                "priority": 100,
                "protocol": "Tcp",
                "source_address_prefix": "*",
                "source_address_prefixes": [],
                "source_application_security_group_ids": [],
                "source_port_range": "*",
                "source_port_ranges": []
              },
              {
                "access": "Allow",
                "description": "",
                "destination_address_prefix": "*",
                "destination_address_prefixes": [],
                "destination_application_security_group_ids": [],
                "destination_port_range": "80",
                "destination_port_ranges": [],
                "direction": "Inbound",
                "name": "AllowHTTP",
                "priority": 110,
                "protocol": "Tcp",
                "source_address_prefix": "*",
                "source_address_prefixes": [],
                "source_application_security_group_ids": [],
                "source_port_range": "*",
                "source_port_ranges": []
              }
            ],
            "tags": {
              "environment": "dev",
              "managedBy": "terraform",
              "workload": "cosmos-taller"
            },
            "timeouts": null
          },
          "sensitive_attributes": [],
          "identity_schema_version": 0,
          "private": "eyJlMmJmYjczMC1lY2FhLTExZTYtOGY4OC0zNDM2M2JjN2M0YzAiOnsiY3JlYXRlIjoxODAwMDAwMDAwMDAwLCJkZWxldGUiOjE4MDAwMDAwMDAwMDAsInJlYWQiOjMwMDAwMDAwMDAwMCwidXBkYXRlIjoxODAwMDAwMDAwMDAwfX0=",
          "dependencies": [
            "azurerm_resource_group.rg"
          ]
        }
      ]
    },
    {
      "mode": "managed",
      "type": "azurerm_public_ip",
      "name": "vm_pip",
      "provider": "provider[\"registry.terraform.io/hashicorp/azurerm\"]",
      "instances": [
        {
          "schema_version": 0,
          "attributes": {
            "allocation_method": "Static",
            "ddos_protection_mode": "VirtualNetworkInherited",
            "ddos_protection_plan_id": null,
            "domain_name_label": null,
            "edge_zone": "",
            "fqdn": null,
            "id": "/subscriptions/3c2daa54-52cc-452e-b6e5-d4cf021575a1/resourceGroups/rg-cosmos-dev-eus-001/providers/Microsoft.Network/publicIPAddresses/pip-cosmos-dev-eus-001",
            "idle_timeout_in_minutes": 4,
            "ip_address": "20.25.36.70",
            "ip_tags": null,
            "ip_version": "IPv4",
            "location": "eastus",
            "name": "pip-cosmos-dev-eus-001",
            "public_ip_prefix_id": null,
            "resource_group_name": "rg-cosmos-dev-eus-001",
            "reverse_fqdn": null,
            "sku": "Standard",
            "sku_tier": "Regional",
            "tags": null,
            "timeouts": null,
            "zones": null
          },
          "sensitive_attributes": [],
          "identity_schema_version": 0,
          "private": "eyJlMmJmYjczMC1lY2FhLTExZTYtOGY4OC0zNDM2M2JjN2M0YzAiOnsiY3JlYXRlIjoxODAwMDAwMDAwMDAwLCJkZWxldGUiOjE4MDAwMDAwMDAwMDAsInJlYWQiOjMwMDAwMDAwMDAwMCwidXBkYXRlIjoxODAwMDAwMDAwMDAwfX0=",
          "dependencies": [
            "azurerm_resource_group.rg"
          ]
        }
      ]
    },
    {
      "mode": "managed",
      "type": "azurerm_resource_group",
      "name": "rg",
      "provider": "provider[\"registry.terraform.io/hashicorp/azurerm\"]",
      "instances": [
        {
          "schema_version": 0,
          "attributes": {
            "id": "/subscriptions/3c2daa54-52cc-452e-b6e5-d4cf021575a1/resourceGroups/rg-cosmos-dev-eus-001",
            "location": "eastus",
            "managed_by": "",
            "name": "rg-cosmos-dev-eus-001",
            "tags": {
              "environment": "dev",
              "managedBy": "terraform",
              "workload": "cosmos-taller"
            },
            "timeouts": null
          },
          "sensitive_attributes": [],
          "identity_schema_version": 0,
          "private": "eyJlMmJmYjczMC1lY2FhLTExZTYtOGY4OC0zNDM2M2JjN2M0YzAiOnsiY3JlYXRlIjo1NDAwMDAwMDAwMDAwLCJkZWxldGUiOjU0MDAwMDAwMDAwMDAsInJlYWQiOjMwMDAwMDAwMDAwMCwidXBkYXRlIjo1NDAwMDAwMDAwMDAwfX0="
        }
      ]
    },
    {
      "mode": "managed",
      "type": "azurerm_subnet",
      "name": "vm_subnet",
      "provider": "provider[\"registry.terraform.io/hashicorp/azurerm\"]",
      "instances": [
        {
          "schema_version": 0,
          "attributes": {
            "address_prefixes": [
              "10.40.1.0/24"
            ],
            "default_outbound_access_enabled": true,
            "delegation": [],
            "enforce_private_link_endpoint_network_policies": false,
            "enforce_private_link_service_network_policies": false,
            "id": "/subscriptions/3c2daa54-52cc-452e-b6e5-d4cf021575a1/resourceGroups/rg-cosmos-dev-eus-001/providers/Microsoft.Network/virtualNetworks/vnet-cosmos-dev-eus-001/subnets/snet-vms",
            "name": "snet-vms",
            "private_endpoint_network_policies": "Enabled",
            "private_endpoint_network_policies_enabled": true,
            "private_link_service_network_policies_enabled": true,
            "resource_group_name": "rg-cosmos-dev-eus-001",
            "service_endpoint_policy_ids": null,
            "service_endpoints": null,
            "timeouts": null,
            "virtual_network_name": "vnet-cosmos-dev-eus-001"
          },
          "sensitive_attributes": [],
          "identity_schema_version": 0,
          "private": "eyJlMmJmYjczMC1lY2FhLTExZTYtOGY4OC0zNDM2M2JjN2M0YzAiOnsiY3JlYXRlIjoxODAwMDAwMDAwMDAwLCJkZWxldGUiOjE4MDAwMDAwMDAwMDAsInJlYWQiOjMwMDAwMDAwMDAwMCwidXBkYXRlIjoxODAwMDAwMDAwMDAwfX0=",
          "dependencies": [
            "azurerm_resource_group.rg",
            "azurerm_virtual_network.vnet"
          ]
        }
      ]
    },
    {
      "mode": "managed",
      "type": "azurerm_subnet_network_security_group_association",
      "name": "vm_nsg_assoc",
      "provider": "provider[\"registry.terraform.io/hashicorp/azurerm\"]",
      "instances": [
        {
          "schema_version": 0,
          "attributes": {
            "id": "/subscriptions/3c2daa54-52cc-452e-b6e5-d4cf021575a1/resourceGroups/rg-cosmos-dev-eus-001/providers/Microsoft.Network/virtualNetworks/vnet-cosmos-dev-eus-001/subnets/snet-vms",
            "network_security_group_id": "/subscriptions/3c2daa54-52cc-452e-b6e5-d4cf021575a1/resourceGroups/rg-cosmos-dev-eus-001/providers/Microsoft.Network/networkSecurityGroups/nsg-cosmos-dev-eus-001",
            "subnet_id": "/subscriptions/3c2daa54-52cc-452e-b6e5-d4cf021575a1/resourceGroups/rg-cosmos-dev-eus-001/providers/Microsoft.Network/virtualNetworks/vnet-cosmos-dev-eus-001/subnets/snet-vms",
            "timeouts": null
          },
          "sensitive_attributes": [],
          "identity_schema_version": 0,
          "private": "eyJlMmJmYjczMC1lY2FhLTExZTYtOGY4OC0zNDM2M2JjN2M0YzAiOnsiY3JlYXRlIjoxODAwMDAwMDAwMDAwLCJkZWxldGUiOjE4MDAwMDAwMDAwMDAsInJlYWQiOjMwMDAwMDAwMDAwMH19",
          "dependencies": [
            "azurerm_network_security_group.vm_nsg",
            "azurerm_resource_group.rg",
            "azurerm_subnet.vm_subnet",
            "azurerm_virtual_network.vnet"
          ]
        }
      ]
    },
    {
      "mode": "managed",
      "type": "azurerm_virtual_network",
      "name": "vnet",
      "provider": "provider[\"registry.terraform.io/hashicorp/azurerm\"]",
      "instances": [
        {
          "schema_version": 0,
          "attributes": {
            "address_space": [
              "10.40.0.0/16"
            ],
            "bgp_community": "",
            "ddos_protection_plan": [],
            "dns_servers": [],
            "edge_zone": "",
            "encryption": [],
            "flow_timeout_in_minutes": 0,
            "guid": "7a9bcd07-ccc4-42d4-abe3-408b809fb3c9",
            "id": "/subscriptions/3c2daa54-52cc-452e-b6e5-d4cf021575a1/resourceGroups/rg-cosmos-dev-eus-001/providers/Microsoft.Network/virtualNetworks/vnet-cosmos-dev-eus-001",
            "location": "eastus",
            "name": "vnet-cosmos-dev-eus-001",
            "resource_group_name": "rg-cosmos-dev-eus-001",
            "subnet": [],
            "tags": {
              "environment": "dev",
              "managedBy": "terraform",
              "workload": "cosmos-taller"
            },
            "timeouts": null
          },
          "sensitive_attributes": [],
          "identity_schema_version": 0,
          "private": "eyJlMmJmYjczMC1lY2FhLTExZTYtOGY4OC0zNDM2M2JjN2M0YzAiOnsiY3JlYXRlIjoxODAwMDAwMDAwMDAwLCJkZWxldGUiOjE4MDAwMDAwMDAwMDAsInJlYWQiOjMwMDAwMDAwMDAwMCwidXBkYXRlIjoxODAwMDAwMDAwMDAwfX0=",
          "dependencies": [
            "azurerm_resource_group.rg"
          ]
        }
      ]
    },
    {
      "mode": "managed",
      "type": "random_string",
      "name": "suffix",
      "provider": "provider[\"registry.terraform.io/hashicorp/random\"]",
      "instances": [
        {
          "schema_version": 2,
          "attributes": {
            "id": "em9bty",
            "keepers": null,
            "length": 6,
            "lower": true,
            "min_lower": 0,
            "min_numeric": 0,
            "min_special": 0,
            "min_upper": 0,
            "number": true,
            "numeric": true,
            "override_special": null,
            "result": "em9bty",
            "special": false,
            "upper": false
          },
          "sensitive_attributes": [],
          "identity_schema_version": 0
        }
      ]
    }
  ],
  "check_results": null
}
